// !$*UTF8*$!
{
	archiveVersion = 1;
	classes = {
	};
	objectVersion = 56;
	objects = {

/* Begin PBXBuildFile section */
		292821832B17D80B008D46CD /* ScreenshotManager.swift in Sources */ = {isa = PBXBuildFile; fileRef = 292821822B17D80B008D46CD /* ScreenshotManager.swift */; };
		292821862B17D852008D46CD /* OCRManager.swift in Sources */ = {isa = PBXBuildFile; fileRef = 292821852B17D852008D46CD /* OCRManager.swift */; };
		292821882B17D86F008D46CD /* PermissionsManager.swift in Sources */ = {isa = PBXBuildFile; fileRef = 292821872B17D86F008D46CD /* PermissionsManager.swift */; };
		2928218A2B17D940008D46CD /* HotkeyManager.swift in Sources */ = {isa = PBXBuildFile; fileRef = 292821892B17D940008D46CD /* HotkeyManager.swift */; };
		2928218E2B1CC81D008D46CD /* ModelInfoView.swift in Sources */ = {isa = PBXBuildFile; fileRef = 2928218D2B1CC81D008D46CD /* ModelInfoView.swift */; };
		297B6B812B36092F009B707C /* icon.icns in Resources */ = {isa = PBXBuildFile; fileRef = 297B6B802B36092F009B707C /* icon.icns */; };
		297B6B842B362670009B707C /* SettingsView.swift in Sources */ = {isa = PBXBuildFile; fileRef = 297B6B832B362670009B707C /* SettingsView.swift */; };
		297CA6572B348A2200706628 /* JWTDecode in Frameworks */ = {isa = PBXBuildFile; productRef = 297CA6562B348A2200706628 /* JWTDecode */; };
		297CA65A2B34A2B000706628 /* StoreKit.framework in Frameworks */ = {isa = PBXBuildFile; fileRef = 297CA6592B34A2B000706628 /* StoreKit.framework */; };
		2983EC442B30D8DD00198174 /* KeyChainService.swift in Sources */ = {isa = PBXBuildFile; fileRef = 2983EC432B30D8DD00198174 /* KeyChainService.swift */; };
		29DEE7CA2B0829AF00F5492D /* MacGPTApp.swift in Sources */ = {isa = PBXBuildFile; fileRef = 29DEE7C92B0829AF00F5492D /* MacGPTApp.swift */; };
		29DEE7CC2B0829AF00F5492D /* ContentView.swift in Sources */ = {isa = PBXBuildFile; fileRef = 29DEE7CB2B0829AF00F5492D /* ContentView.swift */; };
		29DEE7CE2B0829B000F5492D /* Assets.xcassets in Resources */ = {isa = PBXBuildFile; fileRef = 29DEE7CD2B0829B000F5492D /* Assets.xcassets */; };
		29DEE7D12B0829B000F5492D /* Preview Assets.xcassets in Resources */ = {isa = PBXBuildFile; fileRef = 29DEE7D02B0829B000F5492D /* Preview Assets.xcassets */; };
		29DEE7DB2B0A30D400F5492D /* ChatView.swift in Sources */ = {isa = PBXBuildFile; fileRef = 29DEE7DA2B0A30D400F5492D /* ChatView.swift */; };
		29DEE7E32B0A399000F5492D /* OpenAIManager.swift in Sources */ = {isa = PBXBuildFile; fileRef = 29DEE7E22B0A399000F5492D /* OpenAIManager.swift */; };
		29DEE7E52B0A41C100F5492D /* SettingsWindowManager.swift in Sources */ = {isa = PBXBuildFile; fileRef = 29DEE7E42B0A41C100F5492D /* SettingsWindowManager.swift */; };
		29DEE7E82B0A5C3800F5492D /* SharedTextModel.swift in Sources */ = {isa = PBXBuildFile; fileRef = 29DEE7E72B0A5C3800F5492D /* SharedTextModel.swift */; };
		29DEE7EA2B0A61B100F5492D /* AppDelegate.swift in Sources */ = {isa = PBXBuildFile; fileRef = 29DEE7E92B0A61B100F5492D /* AppDelegate.swift */; };
		7EDEF6F52B21CC8100635E20 /* ReminderView.swift .swift in Sources */ = {isa = PBXBuildFile; fileRef = 7EDEF6F42B21CC8100635E20 /* ReminderView.swift .swift */; };
		7EDEF6F72B21CFAD00635E20 /* DraggableWindow.swift in Sources */ = {isa = PBXBuildFile; fileRef = 7EDEF6F62B21CFAD00635E20 /* DraggableWindow.swift */; };
/* End PBXBuildFile section */

/* Begin PBXCopyFilesBuildPhase section */
		2913D33E2B0BB7970057780F /* Embed ExtensionKit Extensions */ = {
			isa = PBXCopyFilesBuildPhase;
			buildActionMask = 2147483647;
			dstPath = "$(EXTENSIONS_FOLDER_PATH)";
			dstSubfolderSpec = 16;
			files = (
			);
			name = "Embed ExtensionKit Extensions";
			runOnlyForDeploymentPostprocessing = 0;
		};
/* End PBXCopyFilesBuildPhase section */

/* Begin PBXFileReference section */
		292821822B17D80B008D46CD /* ScreenshotManager.swift */ = {isa = PBXFileReference; lastKnownFileType = sourcecode.swift; path = ScreenshotManager.swift; sourceTree = "<group>"; };
		292821852B17D852008D46CD /* OCRManager.swift */ = {isa = PBXFileReference; lastKnownFileType = sourcecode.swift; path = OCRManager.swift; sourceTree = "<group>"; };
		292821872B17D86F008D46CD /* PermissionsManager.swift */ = {isa = PBXFileReference; lastKnownFileType = sourcecode.swift; path = PermissionsManager.swift; sourceTree = "<group>"; };
		292821892B17D940008D46CD /* HotkeyManager.swift */ = {isa = PBXFileReference; lastKnownFileType = sourcecode.swift; path = HotkeyManager.swift; sourceTree = "<group>"; };
		2928218D2B1CC81D008D46CD /* ModelInfoView.swift */ = {isa = PBXFileReference; lastKnownFileType = sourcecode.swift; path = ModelInfoView.swift; sourceTree = "<group>"; };
		297B6B802B36092F009B707C /* icon.icns */ = {isa = PBXFileReference; lastKnownFileType = image.icns; path = icon.icns; sourceTree = "<group>"; };
		297B6B832B362670009B707C /* SettingsView.swift */ = {isa = PBXFileReference; fileEncoding = 4; lastKnownFileType = sourcecode.swift; path = SettingsView.swift; sourceTree = "<group>"; };
		297CA6542B34853D00706628 /* MacGPTDebug.entitlements */ = {isa = PBXFileReference; lastKnownFileType = text.plist.entitlements; path = MacGPTDebug.entitlements; sourceTree = "<group>"; };
		297CA6592B34A2B000706628 /* StoreKit.framework */ = {isa = PBXFileReference; lastKnownFileType = wrapper.framework; name = StoreKit.framework; path = System/Library/Frameworks/StoreKit.framework; sourceTree = SDKROOT; };
		2983EC432B30D8DD00198174 /* KeyChainService.swift */ = {isa = PBXFileReference; lastKnownFileType = sourcecode.swift; path = KeyChainService.swift; sourceTree = "<group>"; };
		29DEE7C62B0829AF00F5492D /* iLexicon.app */ = {isa = PBXFileReference; explicitFileType = wrapper.application; includeInIndex = 0; path = iLexicon.app; sourceTree = BUILT_PRODUCTS_DIR; };
		29DEE7C92B0829AF00F5492D /* MacGPTApp.swift */ = {isa = PBXFileReference; lastKnownFileType = sourcecode.swift; path = MacGPTApp.swift; sourceTree = "<group>"; };
		29DEE7CB2B0829AF00F5492D /* ContentView.swift */ = {isa = PBXFileReference; lastKnownFileType = sourcecode.swift; path = ContentView.swift; sourceTree = "<group>"; };
		29DEE7CD2B0829B000F5492D /* Assets.xcassets */ = {isa = PBXFileReference; lastKnownFileType = folder.assetcatalog; path = Assets.xcassets; sourceTree = "<group>"; };
		29DEE7D02B0829B000F5492D /* Preview Assets.xcassets */ = {isa = PBXFileReference; lastKnownFileType = folder.assetcatalog; path = "Preview Assets.xcassets"; sourceTree = "<group>"; };
		29DEE7D22B0829B000F5492D /* MacGPT.entitlements */ = {isa = PBXFileReference; lastKnownFileType = text.plist.entitlements; path = MacGPT.entitlements; sourceTree = "<group>"; };
		29DEE7DA2B0A30D400F5492D /* ChatView.swift */ = {isa = PBXFileReference; lastKnownFileType = sourcecode.swift; path = ChatView.swift; sourceTree = "<group>"; };
		29DEE7E22B0A399000F5492D /* OpenAIManager.swift */ = {isa = PBXFileReference; lastKnownFileType = sourcecode.swift; path = OpenAIManager.swift; sourceTree = "<group>"; };
		29DEE7E42B0A41C100F5492D /* SettingsWindowManager.swift */ = {isa = PBXFileReference; lastKnownFileType = sourcecode.swift; path = SettingsWindowManager.swift; sourceTree = "<group>"; };
		29DEE7E62B0A55B500F5492D /* Info.plist */ = {isa = PBXFileReference; lastKnownFileType = text.plist; path = Info.plist; sourceTree = "<group>"; };
		29DEE7E72B0A5C3800F5492D /* SharedTextModel.swift */ = {isa = PBXFileReference; lastKnownFileType = sourcecode.swift; path = SharedTextModel.swift; sourceTree = "<group>"; };
		29DEE7E92B0A61B100F5492D /* AppDelegate.swift */ = {isa = PBXFileReference; lastKnownFileType = sourcecode.swift; path = AppDelegate.swift; sourceTree = "<group>"; };
		7EDEF6F42B21CC8100635E20 /* ReminderView.swift .swift */ = {isa = PBXFileReference; lastKnownFileType = sourcecode.swift; path = "ReminderView.swift .swift"; sourceTree = "<group>"; };
		7EDEF6F62B21CFAD00635E20 /* DraggableWindow.swift */ = {isa = PBXFileReference; lastKnownFileType = sourcecode.swift; path = DraggableWindow.swift; sourceTree = "<group>"; };
/* End PBXFileReference section */

/* Begin PBXFrameworksBuildPhase section */
		29DEE7C32B0829AF00F5492D /* Frameworks */ = {
			isa = PBXFrameworksBuildPhase;
			buildActionMask = 2147483647;
			files = (
				297CA6572B348A2200706628 /* JWTDecode in Frameworks */,
				297CA65A2B34A2B000706628 /* StoreKit.framework in Frameworks */,
			);
			runOnlyForDeploymentPostprocessing = 0;
		};
/* End PBXFrameworksBuildPhase section */

/* Begin PBXGroup section */
		292821812B17D7C2008D46CD /* managers */ = {
			isa = PBXGroup;
			children = (
				292821822B17D80B008D46CD /* ScreenshotManager.swift */,
				292821852B17D852008D46CD /* OCRManager.swift */,
				29DEE7E22B0A399000F5492D /* OpenAIManager.swift */,
				292821872B17D86F008D46CD /* PermissionsManager.swift */,
				292821892B17D940008D46CD /* HotkeyManager.swift */,
				2983EC432B30D8DD00198174 /* KeyChainService.swift */,
			);
			path = managers;
			sourceTree = "<group>";
		};
		2928218C2B1CC80B008D46CD /* views */ = {
			isa = PBXGroup;
			children = (
				297B6B832B362670009B707C /* SettingsView.swift */,
				29DEE7DA2B0A30D400F5492D /* ChatView.swift */,
				2928218D2B1CC81D008D46CD /* ModelInfoView.swift */,
				7EDEF6F42B21CC8100635E20 /* ReminderView.swift .swift */,
				7EDEF6F62B21CFAD00635E20 /* DraggableWindow.swift */,
			);
			path = views;
			sourceTree = "<group>";
		};
		297B6B822B36257D009B707C /* ssetting */ = {
			isa = PBXGroup;
			children = (
			);
			path = ssetting;
			sourceTree = "<group>";
		};
		297CA6582B34A2B000706628 /* Frameworks */ = {
			isa = PBXGroup;
			children = (
				297CA6592B34A2B000706628 /* StoreKit.framework */,
			);
			name = Frameworks;
			sourceTree = "<group>";
		};
		29DEE7BD2B0829AF00F5492D = {
			isa = PBXGroup;
			children = (
				297B6B802B36092F009B707C /* icon.icns */,
				29DEE7C82B0829AF00F5492D /* MacGPT */,
				29DEE7C72B0829AF00F5492D /* Products */,
				297CA6582B34A2B000706628 /* Frameworks */,
			);
			sourceTree = "<group>";
		};
		29DEE7C72B0829AF00F5492D /* Products */ = {
			isa = PBXGroup;
			children = (
				29DEE7C62B0829AF00F5492D /* iLexicon.app */,
			);
			name = Products;
			sourceTree = "<group>";
		};
		29DEE7C82B0829AF00F5492D /* MacGPT */ = {
			isa = PBXGroup;
			children = (
				297B6B822B36257D009B707C /* ssetting */,
				297CA6542B34853D00706628 /* MacGPTDebug.entitlements */,
				2928218C2B1CC80B008D46CD /* views */,
				292821812B17D7C2008D46CD /* managers */,
				29DEE7E62B0A55B500F5492D /* Info.plist */,
				29DEE7E92B0A61B100F5492D /* AppDelegate.swift */,
				29DEE7C92B0829AF00F5492D /* MacGPTApp.swift */,
				29DEE7CB2B0829AF00F5492D /* ContentView.swift */,
				29DEE7CD2B0829B000F5492D /* Assets.xcassets */,
				29DEE7D22B0829B000F5492D /* MacGPT.entitlements */,
				29DEE7CF2B0829B000F5492D /* Preview Content */,
				29DEE7E42B0A41C100F5492D /* SettingsWindowManager.swift */,
				29DEE7E72B0A5C3800F5492D /* SharedTextModel.swift */,
			);
			path = MacGPT;
			sourceTree = "<group>";
		};
		29DEE7CF2B0829B000F5492D /* Preview Content */ = {
			isa = PBXGroup;
			children = (
				29DEE7D02B0829B000F5492D /* Preview Assets.xcassets */,
			);
			path = "Preview Content";
			sourceTree = "<group>";
		};
/* End PBXGroup section */

/* Begin PBXNativeTarget section */
		29DEE7C52B0829AF00F5492D /* iLexicon */ = {
			isa = PBXNativeTarget;
			buildConfigurationList = 29DEE7D52B0829B000F5492D /* Build configuration list for PBXNativeTarget "iLexicon" */;
			buildPhases = (
				29DEE7C22B0829AF00F5492D /* Sources */,
				29DEE7C32B0829AF00F5492D /* Frameworks */,
				29DEE7C42B0829AF00F5492D /* Resources */,
				2913D33E2B0BB7970057780F /* Embed ExtensionKit Extensions */,
			);
			buildRules = (
			);
			dependencies = (
			);
			name = iLexicon;
			packageProductDependencies = (
				297CA6562B348A2200706628 /* JWTDecode */,
			);
			productName = MacGPT;
			productReference = 29DEE7C62B0829AF00F5492D /* iLexicon.app */;
			productType = "com.apple.product-type.application";
		};
/* End PBXNativeTarget section */

/* Begin PBXProject section */
		29DEE7BE2B0829AF00F5492D /* Project object */ = {
			isa = PBXProject;
			attributes = {
				BuildIndependentTargetsInParallel = 1;
				LastSwiftUpdateCheck = 1500;
				LastUpgradeCheck = 1510;
				TargetAttributes = {
					29DEE7C52B0829AF00F5492D = {
						CreatedOnToolsVersion = 15.0.1;
					};
				};
			};
			buildConfigurationList = 29DEE7C12B0829AF00F5492D /* Build configuration list for PBXProject "MacGPT" */;
			compatibilityVersion = "Xcode 14.0";
			developmentRegion = en;
			hasScannedForEncodings = 0;
			knownRegions = (
				en,
				Base,
			);
			mainGroup = 29DEE7BD2B0829AF00F5492D;
			packageReferences = (
				297CA6552B348A2200706628 /* XCRemoteSwiftPackageReference "JWTDecode" */,
			);
			productRefGroup = 29DEE7C72B0829AF00F5492D /* Products */;
			projectDirPath = "";
			projectRoot = "";
			targets = (
				29DEE7C52B0829AF00F5492D /* iLexicon */,
			);
		};
/* End PBXProject section */

/* Begin PBXResourcesBuildPhase section */
		29DEE7C42B0829AF00F5492D /* Resources */ = {
			isa = PBXResourcesBuildPhase;
			buildActionMask = 2147483647;
			files = (
				29DEE7D12B0829B000F5492D /* Preview Assets.xcassets in Resources */,
				29DEE7CE2B0829B000F5492D /* Assets.xcassets in Resources */,
				297B6B812B36092F009B707C /* icon.icns in Resources */,
			);
			runOnlyForDeploymentPostprocessing = 0;
		};
/* End PBXResourcesBuildPhase section */

/* Begin PBXSourcesBuildPhase section */
		29DEE7C22B0829AF00F5492D /* Sources */ = {
			isa = PBXSourcesBuildPhase;
			buildActionMask = 2147483647;
			files = (
				7EDEF6F52B21CC8100635E20 /* ReminderView.swift .swift in Sources */,
				7EDEF6F72B21CFAD00635E20 /* DraggableWindow.swift in Sources */,
				2928218A2B17D940008D46CD /* HotkeyManager.swift in Sources */,
				2983EC442B30D8DD00198174 /* KeyChainService.swift in Sources */,
				292821832B17D80B008D46CD /* ScreenshotManager.swift in Sources */,
				297B6B842B362670009B707C /* SettingsView.swift in Sources */,
				292821882B17D86F008D46CD /* PermissionsManager.swift in Sources */,
				2928218E2B1CC81D008D46CD /* ModelInfoView.swift in Sources */,
				29DEE7E82B0A5C3800F5492D /* SharedTextModel.swift in Sources */,
				29DEE7E52B0A41C100F5492D /* SettingsWindowManager.swift in Sources */,
				29DEE7E32B0A399000F5492D /* OpenAIManager.swift in Sources */,
				292821862B17D852008D46CD /* OCRManager.swift in Sources */,
				29DEE7DB2B0A30D400F5492D /* ChatView.swift in Sources */,
				29DEE7CC2B0829AF00F5492D /* ContentView.swift in Sources */,
				29DEE7CA2B0829AF00F5492D /* MacGPTApp.swift in Sources */,
				29DEE7EA2B0A61B100F5492D /* AppDelegate.swift in Sources */,
			);
			runOnlyForDeploymentPostprocessing = 0;
		};
/* End PBXSourcesBuildPhase section */

/* Begin XCBuildConfiguration section */
		29DEE7D32B0829B000F5492D /* Debug */ = {
			isa = XCBuildConfiguration;
			buildSettings = {
				ALWAYS_SEARCH_USER_PATHS = NO;
				ASSETCATALOG_COMPILER_GENERATE_SWIFT_ASSET_SYMBOL_EXTENSIONS = YES;
				CLANG_ANALYZER_NONNULL = YES;
				CLANG_ANALYZER_NUMBER_OBJECT_CONVERSION = YES_AGGRESSIVE;
				CLANG_CXX_LANGUAGE_STANDARD = "gnu++20";
				CLANG_ENABLE_MODULES = YES;
				CLANG_ENABLE_OBJC_ARC = YES;
				CLANG_ENABLE_OBJC_WEAK = YES;
				CLANG_WARN_BLOCK_CAPTURE_AUTORELEASING = YES;
				CLANG_WARN_BOOL_CONVERSION = YES;
				CLANG_WARN_COMMA = YES;
				CLANG_WARN_CONSTANT_CONVERSION = YES;
				CLANG_WARN_DEPRECATED_OBJC_IMPLEMENTATIONS = YES;
				CLANG_WARN_DIRECT_OBJC_ISA_USAGE = YES_ERROR;
				CLANG_WARN_DOCUMENTATION_COMMENTS = YES;
				CLANG_WARN_EMPTY_BODY = YES;
				CLANG_WARN_ENUM_CONVERSION = YES;
				CLANG_WARN_INFINITE_RECURSION = YES;
				CLANG_WARN_INT_CONVERSION = YES;
				CLANG_WARN_NON_LITERAL_NULL_CONVERSION = YES;
				CLANG_WARN_OBJC_IMPLICIT_RETAIN_SELF = YES;
				CLANG_WARN_OBJC_LITERAL_CONVERSION = YES;
				CLANG_WARN_OBJC_ROOT_CLASS = YES_ERROR;
				CLANG_WARN_QUOTED_INCLUDE_IN_FRAMEWORK_HEADER = YES;
				CLANG_WARN_RANGE_LOOP_ANALYSIS = YES;
				CLANG_WARN_STRICT_PROTOTYPES = YES;
				CLANG_WARN_SUSPICIOUS_MOVE = YES;
				CLANG_WARN_UNGUARDED_AVAILABILITY = YES_AGGRESSIVE;
				CLANG_WARN_UNREACHABLE_CODE = YES;
				CLANG_WARN__DUPLICATE_METHOD_MATCH = YES;
				COPY_PHASE_STRIP = NO;
				DEAD_CODE_STRIPPING = YES;
				DEBUG_INFORMATION_FORMAT = dwarf;
				ENABLE_STRICT_OBJC_MSGSEND = YES;
				ENABLE_TESTABILITY = YES;
				ENABLE_USER_SCRIPT_SANDBOXING = YES;
				GCC_C_LANGUAGE_STANDARD = gnu17;
				GCC_DYNAMIC_NO_PIC = NO;
				GCC_NO_COMMON_BLOCKS = YES;
				GCC_OPTIMIZATION_LEVEL = 0;
				GCC_PREPROCESSOR_DEFINITIONS = (
					"DEBUG=1",
					"$(inherited)",
				);
				GCC_WARN_64_TO_32_BIT_CONVERSION = YES;
				GCC_WARN_ABOUT_RETURN_TYPE = YES_ERROR;
				GCC_WARN_UNDECLARED_SELECTOR = YES;
				GCC_WARN_UNINITIALIZED_AUTOS = YES_AGGRESSIVE;
				GCC_WARN_UNUSED_FUNCTION = YES;
				GCC_WARN_UNUSED_VARIABLE = YES;
				LOCALIZATION_PREFERS_STRING_CATALOGS = YES;
				MACOSX_DEPLOYMENT_TARGET = 14.0;
				MTL_ENABLE_DEBUG_INFO = INCLUDE_SOURCE;
				MTL_FAST_MATH = YES;
				ONLY_ACTIVE_ARCH = YES;
				SDKROOT = macosx;
				SWIFT_ACTIVE_COMPILATION_CONDITIONS = "DEBUG $(inherited)";
				SWIFT_OPTIMIZATION_LEVEL = "-Onone";
			};
			name = Debug;
		};
		29DEE7D42B0829B000F5492D /* Release */ = {
			isa = XCBuildConfiguration;
			buildSettings = {
				ALWAYS_SEARCH_USER_PATHS = NO;
				ASSETCATALOG_COMPILER_GENERATE_SWIFT_ASSET_SYMBOL_EXTENSIONS = YES;
				CLANG_ANALYZER_NONNULL = YES;
				CLANG_ANALYZER_NUMBER_OBJECT_CONVERSION = YES_AGGRESSIVE;
				CLANG_CXX_LANGUAGE_STANDARD = "gnu++20";
				CLANG_ENABLE_MODULES = YES;
				CLANG_ENABLE_OBJC_ARC = YES;
				CLANG_ENABLE_OBJC_WEAK = YES;
				CLANG_WARN_BLOCK_CAPTURE_AUTORELEASING = YES;
				CLANG_WARN_BOOL_CONVERSION = YES;
				CLANG_WARN_COMMA = YES;
				CLANG_WARN_CONSTANT_CONVERSION = YES;
				CLANG_WARN_DEPRECATED_OBJC_IMPLEMENTATIONS = YES;
				CLANG_WARN_DIRECT_OBJC_ISA_USAGE = YES_ERROR;
				CLANG_WARN_DOCUMENTATION_COMMENTS = YES;
				CLANG_WARN_EMPTY_BODY = YES;
				CLANG_WARN_ENUM_CONVERSION = YES;
				CLANG_WARN_INFINITE_RECURSION = YES;
				CLANG_WARN_INT_CONVERSION = YES;
				CLANG_WARN_NON_LITERAL_NULL_CONVERSION = YES;
				CLANG_WARN_OBJC_IMPLICIT_RETAIN_SELF = YES;
				CLANG_WARN_OBJC_LITERAL_CONVERSION = YES;
				CLANG_WARN_OBJC_ROOT_CLASS = YES_ERROR;
				CLANG_WARN_QUOTED_INCLUDE_IN_FRAMEWORK_HEADER = YES;
				CLANG_WARN_RANGE_LOOP_ANALYSIS = YES;
				CLANG_WARN_STRICT_PROTOTYPES = YES;
				CLANG_WARN_SUSPICIOUS_MOVE = YES;
				CLANG_WARN_UNGUARDED_AVAILABILITY = YES_AGGRESSIVE;
				CLANG_WARN_UNREACHABLE_CODE = YES;
				CLANG_WARN__DUPLICATE_METHOD_MATCH = YES;
				COPY_PHASE_STRIP = NO;
				DEAD_CODE_STRIPPING = YES;
				DEBUG_INFORMATION_FORMAT = "dwarf-with-dsym";
				ENABLE_NS_ASSERTIONS = NO;
				ENABLE_STRICT_OBJC_MSGSEND = YES;
				ENABLE_USER_SCRIPT_SANDBOXING = YES;
				GCC_C_LANGUAGE_STANDARD = gnu17;
				GCC_NO_COMMON_BLOCKS = YES;
				GCC_WARN_64_TO_32_BIT_CONVERSION = YES;
				GCC_WARN_ABOUT_RETURN_TYPE = YES_ERROR;
				GCC_WARN_UNDECLARED_SELECTOR = YES;
				GCC_WARN_UNINITIALIZED_AUTOS = YES_AGGRESSIVE;
				GCC_WARN_UNUSED_FUNCTION = YES;
				GCC_WARN_UNUSED_VARIABLE = YES;
				LOCALIZATION_PREFERS_STRING_CATALOGS = YES;
				MACOSX_DEPLOYMENT_TARGET = 14.0;
				MTL_ENABLE_DEBUG_INFO = NO;
				MTL_FAST_MATH = YES;
				SDKROOT = macosx;
				SWIFT_COMPILATION_MODE = wholemodule;
			};
			name = Release;
		};
		29DEE7D62B0829B000F5492D /* Debug */ = {
			isa = XCBuildConfiguration;
			buildSettings = {
				ASSETCATALOG_COMPILER_APPICON_NAME = "App Icon";
				ASSETCATALOG_COMPILER_GLOBAL_ACCENT_COLOR_NAME = AccentColor;
				ASSETCATALOG_COMPILER_INCLUDE_ALL_APPICON_ASSETS = YES;
				CODE_SIGN_ENTITLEMENTS = MacGPT/MacGPTDebug.entitlements;
				CODE_SIGN_IDENTITY = "Apple Development";
				"CODE_SIGN_IDENTITY[sdk=macosx*]" = "Apple Development";
				CODE_SIGN_STYLE = Automatic;
				COMBINE_HIDPI_IMAGES = YES;
				CURRENT_PROJECT_VERSION = 103;
				DEAD_CODE_STRIPPING = YES;
				DEVELOPMENT_ASSET_PATHS = "\"MacGPT/Preview Content\"";
				DEVELOPMENT_TEAM = 7ZUQ6YTZ2N;
				ENABLE_HARDENED_RUNTIME = YES;
				ENABLE_PREVIEWS = YES;
				GENERATE_INFOPLIST_FILE = YES;
				INFOPLIST_FILE = MacGPT/Info.plist;
				INFOPLIST_KEY_CFBundleDisplayName = "I Lexicon";
				INFOPLIST_KEY_LSApplicationCategoryType = "public.app-category.utilities";
				INFOPLIST_KEY_LSUIElement = YES;
				INFOPLIST_KEY_NSHumanReadableCopyright = "";
				INFOPLIST_KEY_NSUserTrackingUsageDescription = "This app uses Apple Sign in to securely authenticate your identity.";
				LD_RUNPATH_SEARCH_PATHS = (
					"$(inherited)",
					"@executable_path/../Frameworks",
				);
				MARKETING_VERSION = 1.0.3;
				PRODUCT_BUNDLE_IDENTIFIER = amir.teymoori.lexicon;
				PRODUCT_NAME = "$(TARGET_NAME)";
				PROVISIONING_PROFILE_SPECIFIER = "";
				SWIFT_EMIT_LOC_STRINGS = YES;
				SWIFT_VERSION = 5.0;
			};
			name = Debug;
		};
		29DEE7D72B0829B000F5492D /* Release */ = {
			isa = XCBuildConfiguration;
			buildSettings = {
				ASSETCATALOG_COMPILER_APPICON_NAME = "App Icon";
				ASSETCATALOG_COMPILER_GLOBAL_ACCENT_COLOR_NAME = AccentColor;
				ASSETCATALOG_COMPILER_INCLUDE_ALL_APPICON_ASSETS = YES;
				CODE_SIGN_ENTITLEMENTS = MacGPT/MacGPT.entitlements;
				CODE_SIGN_IDENTITY = "Apple Development";
				"CODE_SIGN_IDENTITY[sdk=macosx*]" = "Apple Development";
				CODE_SIGN_STYLE = Automatic;
				COMBINE_HIDPI_IMAGES = YES;
				CURRENT_PROJECT_VERSION = 103;
				DEAD_CODE_STRIPPING = YES;
				DEVELOPMENT_ASSET_PATHS = "\"MacGPT/Preview Content\"";
				DEVELOPMENT_TEAM = 7ZUQ6YTZ2N;
				ENABLE_HARDENED_RUNTIME = YES;
				ENABLE_PREVIEWS = YES;
				GENERATE_INFOPLIST_FILE = YES;
				INFOPLIST_FILE = MacGPT/Info.plist;
				INFOPLIST_KEY_CFBundleDisplayName = "I Lexicon";
				INFOPLIST_KEY_LSApplicationCategoryType = "public.app-category.utilities";
				INFOPLIST_KEY_LSUIElement = YES;
				INFOPLIST_KEY_NSHumanReadableCopyright = "";
				INFOPLIST_KEY_NSUserTrackingUsageDescription = "This app uses Apple Sign in to securely authenticate your identity.";
				LD_RUNPATH_SEARCH_PATHS = (
					"$(inherited)",
					"@executable_path/../Frameworks",
				);
				MARKETING_VERSION = 1.0.3;
				PRODUCT_BUNDLE_IDENTIFIER = com.amir.lexicon;
				PRODUCT_NAME = "$(TARGET_NAME)";
				PROVISIONING_PROFILE_SPECIFIER = "";
				SWIFT_EMIT_LOC_STRINGS = YES;
				SWIFT_VERSION = 5.0;
			};
			name = Release;
		};
/* End XCBuildConfiguration section */

/* Begin XCConfigurationList section */
		29DEE7C12B0829AF00F5492D /* Build configuration list for PBXProject "MacGPT" */ = {
			isa = XCConfigurationList;
			buildConfigurations = (
				29DEE7D32B0829B000F5492D /* Debug */,
				29DEE7D42B0829B000F5492D /* Release */,
			);
			defaultConfigurationIsVisible = 0;
			defaultConfigurationName = Release;
		};
		29DEE7D52B0829B000F5492D /* Build configuration list for PBXNativeTarget "iLexicon" */ = {
			isa = XCConfigurationList;
			buildConfigurations = (
				29DEE7D62B0829B000F5492D /* Debug */,
				29DEE7D72B0829B000F5492D /* Release */,
			);
			defaultConfigurationIsVisible = 0;
			defaultConfigurationName = Release;
		};
/* End XCConfigurationList section */

/* Begin XCRemoteSwiftPackageReference section */
		297CA6552B348A2200706628 /* XCRemoteSwiftPackageReference "JWTDecode" */ = {
			isa = XCRemoteSwiftPackageReference;
			repositoryURL = "https://github.com/auth0/JWTDecode.swift";
			requirement = {
				kind = upToNextMajorVersion;
				minimumVersion = 3.1.0;
			};
		};
/* End XCRemoteSwiftPackageReference section */

/* Begin XCSwiftPackageProductDependency section */
		297CA6562B348A2200706628 /* JWTDecode */ = {
			isa = XCSwiftPackageProductDependency;
			package = 297CA6552B348A2200706628 /* XCRemoteSwiftPackageReference "JWTDecode" */;
			productName = JWTDecode;
		};
/* End XCSwiftPackageProductDependency section */
	};
	rootObject = 29DEE7BE2B0829AF00F5492D /* Project object */;
}
