// !$*UTF8*$!
{
	archiveVersion = 1;
	classes = {
	};
	objectVersion = 56;
	objects = {

/* Begin PBXBuildFile section */
		29DEE7CA2B0829AF00F5492D /* MacGPTApp.swift in Sources */ = {isa = PBXBuildFile; fileRef = 29DEE7C92B0829AF00F5492D /* MacGPTApp.swift */; };
		29DEE7CC2B0829AF00F5492D /* ContentView.swift in Sources */ = {isa = PBXBuildFile; fileRef = 29DEE7CB2B0829AF00F5492D /* ContentView.swift */; };
		29DEE7CE2B0829B000F5492D /* Assets.xcassets in Resources */ = {isa = PBXBuildFile; fileRef = 29DEE7CD2B0829B000F5492D /* Assets.xcassets */; };
		29DEE7D12B0829B000F5492D /* Preview Assets.xcassets in Resources */ = {isa = PBXBuildFile; fileRef = 29DEE7D02B0829B000F5492D /* Preview Assets.xcassets */; };
		29DEE7DB2B0A30D400F5492D /* ChatView.swift in Sources */ = {isa = PBXBuildFile; fileRef = 29DEE7DA2B0A30D400F5492D /* ChatView.swift */; };
		29DEE7DD2B0A33A100F5492D /* SettingsView.swift in Sources */ = {isa = PBXBuildFile; fileRef = 29DEE7DC2B0A33A100F5492D /* SettingsView.swift */; };
		29DEE7E12B0A389E00F5492D /* SettingsModel.swift in Sources */ = {isa = PBXBuildFile; fileRef = 29DEE7E02B0A389E00F5492D /* SettingsModel.swift */; };
		29DEE7E32B0A399000F5492D /* OpenAIManager.swift in Sources */ = {isa = PBXBuildFile; fileRef = 29DEE7E22B0A399000F5492D /* OpenAIManager.swift */; };
		29DEE7E52B0A41C100F5492D /* SettingsWindowManager.swift in Sources */ = {isa = PBXBuildFile; fileRef = 29DEE7E42B0A41C100F5492D /* SettingsWindowManager.swift */; };
		29DEE7E82B0A5C3800F5492D /* SharedTextModel.swift in Sources */ = {isa = PBXBuildFile; fileRef = 29DEE7E72B0A5C3800F5492D /* SharedTextModel.swift */; };
		29DEE7EA2B0A61B100F5492D /* AppDelegate.swift in Sources */ = {isa = PBXBuildFile; fileRef = 29DEE7E92B0A61B100F5492D /* AppDelegate.swift */; };
/* End PBXBuildFile section */

/* Begin PBXFileReference section */
		29DEE7C62B0829AF00F5492D /* MacGPT.app */ = {isa = PBXFileReference; explicitFileType = wrapper.application; includeInIndex = 0; path = MacGPT.app; sourceTree = BUILT_PRODUCTS_DIR; };
		29DEE7C92B0829AF00F5492D /* MacGPTApp.swift */ = {isa = PBXFileReference; lastKnownFileType = sourcecode.swift; path = MacGPTApp.swift; sourceTree = "<group>"; };
		29DEE7CB2B0829AF00F5492D /* ContentView.swift */ = {isa = PBXFileReference; lastKnownFileType = sourcecode.swift; path = ContentView.swift; sourceTree = "<group>"; };
		29DEE7CD2B0829B000F5492D /* Assets.xcassets */ = {isa = PBXFileReference; lastKnownFileType = folder.assetcatalog; path = Assets.xcassets; sourceTree = "<group>"; };
		29DEE7D02B0829B000F5492D /* Preview Assets.xcassets */ = {isa = PBXFileReference; lastKnownFileType = folder.assetcatalog; path = "Preview Assets.xcassets"; sourceTree = "<group>"; };
		29DEE7D22B0829B000F5492D /* MacGPT.entitlements */ = {isa = PBXFileReference; lastKnownFileType = text.plist.entitlements; path = MacGPT.entitlements; sourceTree = "<group>"; };
		29DEE7DA2B0A30D400F5492D /* ChatView.swift */ = {isa = PBXFileReference; lastKnownFileType = sourcecode.swift; path = ChatView.swift; sourceTree = "<group>"; };
		29DEE7DC2B0A33A100F5492D /* SettingsView.swift */ = {isa = PBXFileReference; lastKnownFileType = sourcecode.swift; path = SettingsView.swift; sourceTree = "<group>"; };
		29DEE7E02B0A389E00F5492D /* SettingsModel.swift */ = {isa = PBXFileReference; lastKnownFileType = sourcecode.swift; path = SettingsModel.swift; sourceTree = "<group>"; };
		29DEE7E22B0A399000F5492D /* OpenAIManager.swift */ = {isa = PBXFileReference; lastKnownFileType = sourcecode.swift; path = OpenAIManager.swift; sourceTree = "<group>"; };
		29DEE7E42B0A41C100F5492D /* SettingsWindowManager.swift */ = {isa = PBXFileReference; lastKnownFileType = sourcecode.swift; path = SettingsWindowManager.swift; sourceTree = "<group>"; };
		29DEE7E62B0A55B500F5492D /* Info.plist */ = {isa = PBXFileReference; lastKnownFileType = text.plist; path = Info.plist; sourceTree = "<group>"; };
		29DEE7E72B0A5C3800F5492D /* SharedTextModel.swift */ = {isa = PBXFileReference; lastKnownFileType = sourcecode.swift; path = SharedTextModel.swift; sourceTree = "<group>"; };
		29DEE7E92B0A61B100F5492D /* AppDelegate.swift */ = {isa = PBXFileReference; lastKnownFileType = sourcecode.swift; path = AppDelegate.swift; sourceTree = "<group>"; };
/* End PBXFileReference section */

/* Begin PBXFrameworksBuildPhase section */
		29DEE7C32B0829AF00F5492D /* Frameworks */ = {
			isa = PBXFrameworksBuildPhase;
			buildActionMask = 2147483647;
			files = (
			);
			runOnlyForDeploymentPostprocessing = 0;
		};
/* End PBXFrameworksBuildPhase section */

/* Begin PBXGroup section */
		29DEE7BD2B0829AF00F5492D = {
			isa = PBXGroup;
			children = (
				29DEE7C82B0829AF00F5492D /* MacGPT */,
				29DEE7C72B0829AF00F5492D /* Products */,
			);
			sourceTree = "<group>";
		};
		29DEE7C72B0829AF00F5492D /* Products */ = {
			isa = PBXGroup;
			children = (
				29DEE7C62B0829AF00F5492D /* MacGPT.app */,
			);
			name = Products;
			sourceTree = "<group>";
		};
		29DEE7C82B0829AF00F5492D /* MacGPT */ = {
			isa = PBXGroup;
			children = (
				29DEE7E62B0A55B500F5492D /* Info.plist */,
				29DEE7C92B0829AF00F5492D /* MacGPTApp.swift */,
				29DEE7CB2B0829AF00F5492D /* ContentView.swift */,
				29DEE7CD2B0829B000F5492D /* Assets.xcassets */,
				29DEE7D22B0829B000F5492D /* MacGPT.entitlements */,
				29DEE7CF2B0829B000F5492D /* Preview Content */,
				29DEE7DA2B0A30D400F5492D /* ChatView.swift */,
				29DEE7DC2B0A33A100F5492D /* SettingsView.swift */,
				29DEE7E02B0A389E00F5492D /* SettingsModel.swift */,
				29DEE7E22B0A399000F5492D /* OpenAIManager.swift */,
				29DEE7E42B0A41C100F5492D /* SettingsWindowManager.swift */,
				29DEE7E72B0A5C3800F5492D /* SharedTextModel.swift */,
				29DEE7E92B0A61B100F5492D /* AppDelegate.swift */,
			);
			path = MacGPT;
			sourceTree = "<group>";
		};
		29DEE7CF2B0829B000F5492D /* Preview Content */ = {
			isa = PBXGroup;
			children = (
				29DEE7D02B0829B000F5492D /* Preview Assets.xcassets */,
			);
			path = "Preview Content";
			sourceTree = "<group>";
		};
/* End PBXGroup section */

/* Begin PBXNativeTarget section */
		29DEE7C52B0829AF00F5492D /* MacGPT */ = {
			isa = PBXNativeTarget;
			buildConfigurationList = 29DEE7D52B0829B000F5492D /* Build configuration list for PBXNativeTarget "MacGPT" */;
			buildPhases = (
				29DEE7C22B0829AF00F5492D /* Sources */,
				29DEE7C32B0829AF00F5492D /* Frameworks */,
				29DEE7C42B0829AF00F5492D /* Resources */,
			);
			buildRules = (
			);
			dependencies = (
			);
			name = MacGPT;
			productName = MacGPT;
			productReference = 29DEE7C62B0829AF00F5492D /* MacGPT.app */;
			productType = "com.apple.product-type.application";
		};
/* End PBXNativeTarget section */

/* Begin PBXProject section */
		29DEE7BE2B0829AF00F5492D /* Project object */ = {
			isa = PBXProject;
			attributes = {
				BuildIndependentTargetsInParallel = 1;
				LastSwiftUpdateCheck = 1500;
				LastUpgradeCheck = 1500;
				TargetAttributes = {
					29DEE7C52B0829AF00F5492D = {
						CreatedOnToolsVersion = 15.0.1;
					};
				};
			};
			buildConfigurationList = 29DEE7C12B0829AF00F5492D /* Build configuration list for PBXProject "MacGPT" */;
			compatibilityVersion = "Xcode 14.0";
			developmentRegion = en;
			hasScannedForEncodings = 0;
			knownRegions = (
				en,
				Base,
			);
			mainGroup = 29DEE7BD2B0829AF00F5492D;
			productRefGroup = 29DEE7C72B0829AF00F5492D /* Products */;
			projectDirPath = "";
			projectRoot = "";
			targets = (
				29DEE7C52B0829AF00F5492D /* MacGPT */,
			);
		};
/* End PBXProject section */

/* Begin PBXResourcesBuildPhase section */
		29DEE7C42B0829AF00F5492D /* Resources */ = {
			isa = PBXResourcesBuildPhase;
			buildActionMask = 2147483647;
			files = (
				29DEE7D12B0829B000F5492D /* Preview Assets.xcassets in Resources */,
				29DEE7CE2B0829B000F5492D /* Assets.xcassets in Resources */,
			);
			runOnlyForDeploymentPostprocessing = 0;
		};
/* End PBXResourcesBuildPhase section */

/* Begin PBXSourcesBuildPhase section */
		29DEE7C22B0829AF00F5492D /* Sources */ = {
			isa = PBXSourcesBuildPhase;
			buildActionMask = 2147483647;
			files = (
				29DEE7E12B0A389E00F5492D /* SettingsModel.swift in Sources */,
				29DEE7E82B0A5C3800F5492D /* SharedTextModel.swift in Sources */,
				29DEE7DD2B0A33A100F5492D /* SettingsView.swift in Sources */,
				29DEE7E52B0A41C100F5492D /* SettingsWindowManager.swift in Sources */,
				29DEE7E32B0A399000F5492D /* OpenAIManager.swift in Sources */,
				29DEE7DB2B0A30D400F5492D /* ChatView.swift in Sources */,
				29DEE7CC2B0829AF00F5492D /* ContentView.swift in Sources */,
				29DEE7CA2B0829AF00F5492D /* MacGPTApp.swift in Sources */,
				29DEE7EA2B0A61B100F5492D /* AppDelegate.swift in Sources */,
			);
			runOnlyForDeploymentPostprocessing = 0;
		};
/* End PBXSourcesBuildPhase section */

/* Begin XCBuildConfiguration section */
		29DEE7D32B0829B000F5492D /* Debug */ = {
			isa = XCBuildConfiguration;
			buildSettings = {
				ALWAYS_SEARCH_USER_PATHS = NO;
				ASSETCATALOG_COMPILER_GENERATE_SWIFT_ASSET_SYMBOL_EXTENSIONS = YES;
				CLANG_ANALYZER_NONNULL = YES;
				CLANG_ANALYZER_NUMBER_OBJECT_CONVERSION = YES_AGGRESSIVE;
				CLANG_CXX_LANGUAGE_STANDARD = "gnu++20";
				CLANG_ENABLE_MODULES = YES;
				CLANG_ENABLE_OBJC_ARC = YES;
				CLANG_ENABLE_OBJC_WEAK = YES;
				CLANG_WARN_BLOCK_CAPTURE_AUTORELEASING = YES;
				CLANG_WARN_BOOL_CONVERSION = YES;
				CLANG_WARN_COMMA = YES;
				CLANG_WARN_CONSTANT_CONVERSION = YES;
				CLANG_WARN_DEPRECATED_OBJC_IMPLEMENTATIONS = YES;
				CLANG_WARN_DIRECT_OBJC_ISA_USAGE = YES_ERROR;
				CLANG_WARN_DOCUMENTATION_COMMENTS = YES;
				CLANG_WARN_EMPTY_BODY = YES;
				CLANG_WARN_ENUM_CONVERSION = YES;
				CLANG_WARN_INFINITE_RECURSION = YES;
				CLANG_WARN_INT_CONVERSION = YES;
				CLANG_WARN_NON_LITERAL_NULL_CONVERSION = YES;
				CLANG_WARN_OBJC_IMPLICIT_RETAIN_SELF = YES;
				CLANG_WARN_OBJC_LITERAL_CONVERSION = YES;
				CLANG_WARN_OBJC_ROOT_CLASS = YES_ERROR;
				CLANG_WARN_QUOTED_INCLUDE_IN_FRAMEWORK_HEADER = YES;
				CLANG_WARN_RANGE_LOOP_ANALYSIS = YES;
				CLANG_WARN_STRICT_PROTOTYPES = YES;
				CLANG_WARN_SUSPICIOUS_MOVE = YES;
				CLANG_WARN_UNGUARDED_AVAILABILITY = YES_AGGRESSIVE;
				CLANG_WARN_UNREACHABLE_CODE = YES;
				CLANG_WARN__DUPLICATE_METHOD_MATCH = YES;
				COPY_PHASE_STRIP = NO;
				DEBUG_INFORMATION_FORMAT = dwarf;
				ENABLE_STRICT_OBJC_MSGSEND = YES;
				ENABLE_TESTABILITY = YES;
				ENABLE_USER_SCRIPT_SANDBOXING = YES;
				GCC_C_LANGUAGE_STANDARD = gnu17;
				GCC_DYNAMIC_NO_PIC = NO;
				GCC_NO_COMMON_BLOCKS = YES;
				GCC_OPTIMIZATION_LEVEL = 0;
				GCC_PREPROCESSOR_DEFINITIONS = (
					"DEBUG=1",
					"$(inherited)",
				);
				GCC_WARN_64_TO_32_BIT_CONVERSION = YES;
				GCC_WARN_ABOUT_RETURN_TYPE = YES_ERROR;
				GCC_WARN_UNDECLARED_SELECTOR = YES;
				GCC_WARN_UNINITIALIZED_AUTOS = YES_AGGRESSIVE;
				GCC_WARN_UNUSED_FUNCTION = YES;
				GCC_WARN_UNUSED_VARIABLE = YES;
				LOCALIZATION_PREFERS_STRING_CATALOGS = YES;
				MACOSX_DEPLOYMENT_TARGET = 14.0;
				MTL_ENABLE_DEBUG_INFO = INCLUDE_SOURCE;
				MTL_FAST_MATH = YES;
				ONLY_ACTIVE_ARCH = YES;
				SDKROOT = macosx;
				SWIFT_ACTIVE_COMPILATION_CONDITIONS = "DEBUG $(inherited)";
				SWIFT_OPTIMIZATION_LEVEL = "-Onone";
			};
			name = Debug;
		};
		29DEE7D42B0829B000F5492D /* Release */ = {
			isa = XCBuildConfiguration;
			buildSettings = {
				ALWAYS_SEARCH_USER_PATHS = NO;
				ASSETCATALOG_COMPILER_GENERATE_SWIFT_ASSET_SYMBOL_EXTENSIONS = YES;
				CLANG_ANALYZER_NONNULL = YES;
				CLANG_ANALYZER_NUMBER_OBJECT_CONVERSION = YES_AGGRESSIVE;
				CLANG_CXX_LANGUAGE_STANDARD = "gnu++20";
				CLANG_ENABLE_MODULES = YES;
				CLANG_ENABLE_OBJC_ARC = YES;
				CLANG_ENABLE_OBJC_WEAK = YES;
				CLANG_WARN_BLOCK_CAPTURE_AUTORELEASING = YES;
				CLANG_WARN_BOOL_CONVERSION = YES;
				CLANG_WARN_COMMA = YES;
				CLANG_WARN_CONSTANT_CONVERSION = YES;
				CLANG_WARN_DEPRECATED_OBJC_IMPLEMENTATIONS = YES;
				CLANG_WARN_DIRECT_OBJC_ISA_USAGE = YES_ERROR;
				CLANG_WARN_DOCUMENTATION_COMMENTS = YES;
				CLANG_WARN_EMPTY_BODY = YES;
				CLANG_WARN_ENUM_CONVERSION = YES;
				CLANG_WARN_INFINITE_RECURSION = YES;
				CLANG_WARN_INT_CONVERSION = YES;
				CLANG_WARN_NON_LITERAL_NULL_CONVERSION = YES;
				CLANG_WARN_OBJC_IMPLICIT_RETAIN_SELF = YES;
				CLANG_WARN_OBJC_LITERAL_CONVERSION = YES;
				CLANG_WARN_OBJC_ROOT_CLASS = YES_ERROR;
				CLANG_WARN_QUOTED_INCLUDE_IN_FRAMEWORK_HEADER = YES;
				CLANG_WARN_RANGE_LOOP_ANALYSIS = YES;
				CLANG_WARN_STRICT_PROTOTYPES = YES;
				CLANG_WARN_SUSPICIOUS_MOVE = YES;
				CLANG_WARN_UNGUARDED_AVAILABILITY = YES_AGGRESSIVE;
				CLANG_WARN_UNREACHABLE_CODE = YES;
				CLANG_WARN__DUPLICATE_METHOD_MATCH = YES;
				COPY_PHASE_STRIP = NO;
				DEBUG_INFORMATION_FORMAT = "dwarf-with-dsym";
				ENABLE_NS_ASSERTIONS = NO;
				ENABLE_STRICT_OBJC_MSGSEND = YES;
				ENABLE_USER_SCRIPT_SANDBOXING = YES;
				GCC_C_LANGUAGE_STANDARD = gnu17;
				GCC_NO_COMMON_BLOCKS = YES;
				GCC_WARN_64_TO_32_BIT_CONVERSION = YES;
				GCC_WARN_ABOUT_RETURN_TYPE = YES_ERROR;
				GCC_WARN_UNDECLARED_SELECTOR = YES;
				GCC_WARN_UNINITIALIZED_AUTOS = YES_AGGRESSIVE;
				GCC_WARN_UNUSED_FUNCTION = YES;
				GCC_WARN_UNUSED_VARIABLE = YES;
				LOCALIZATION_PREFERS_STRING_CATALOGS = YES;
				MACOSX_DEPLOYMENT_TARGET = 14.0;
				MTL_ENABLE_DEBUG_INFO = NO;
				MTL_FAST_MATH = YES;
				SDKROOT = macosx;
				SWIFT_COMPILATION_MODE = wholemodule;
			};
			name = Release;
		};
		29DEE7D62B0829B000F5492D /* Debug */ = {
			isa = XCBuildConfiguration;
			buildSettings = {
				ASSETCATALOG_COMPILER_APPICON_NAME = AppIcon;
				ASSETCATALOG_COMPILER_GLOBAL_ACCENT_COLOR_NAME = AccentColor;
				CODE_SIGN_ENTITLEMENTS = MacGPT/MacGPT.entitlements;
				CODE_SIGN_STYLE = Automatic;
				COMBINE_HIDPI_IMAGES = YES;
				CURRENT_PROJECT_VERSION = 1;
				DEVELOPMENT_ASSET_PATHS = "\"MacGPT/Preview Content\"";
				DEVELOPMENT_TEAM = 7ZUQ6YTZ2N;
				ENABLE_HARDENED_RUNTIME = YES;
				ENABLE_PREVIEWS = YES;
				GENERATE_INFOPLIST_FILE = YES;
				INFOPLIST_FILE = MacGPT/Info.plist;
				INFOPLIST_KEY_NSHumanReadableCopyright = "";
				LD_RUNPATH_SEARCH_PATHS = (
					"$(inherited)",
					"@executable_path/../Frameworks",
				);
				MARKETING_VERSION = 1.0;
				PRODUCT_BUNDLE_IDENTIFIER = com.amir.gpt.MacGPT;
				PRODUCT_NAME = "$(TARGET_NAME)";
				SWIFT_EMIT_LOC_STRINGS = YES;
				SWIFT_VERSION = 5.0;
			};
			name = Debug;
		};
		29DEE7D72B0829B000F5492D /* Release */ = {
			isa = XCBuildConfiguration;
			buildSettings = {
				ASSETCATALOG_COMPILER_APPICON_NAME = AppIcon;
				ASSETCATALOG_COMPILER_GLOBAL_ACCENT_COLOR_NAME = AccentColor;
				CODE_SIGN_ENTITLEMENTS = MacGPT/MacGPT.entitlements;
				CODE_SIGN_STYLE = Automatic;
				COMBINE_HIDPI_IMAGES = YES;
				CURRENT_PROJECT_VERSION = 1;
				DEVELOPMENT_ASSET_PATHS = "\"MacGPT/Preview Content\"";
				DEVELOPMENT_TEAM = 7ZUQ6YTZ2N;
				ENABLE_HARDENED_RUNTIME = YES;
				ENABLE_PREVIEWS = YES;
				GENERATE_INFOPLIST_FILE = YES;
				INFOPLIST_FILE = MacGPT/Info.plist;
				INFOPLIST_KEY_NSHumanReadableCopyright = "";
				LD_RUNPATH_SEARCH_PATHS = (
					"$(inherited)",
					"@executable_path/../Frameworks",
				);
				MARKETING_VERSION = 1.0;
				PRODUCT_BUNDLE_IDENTIFIER = com.amir.gpt.MacGPT;
				PRODUCT_NAME = "$(TARGET_NAME)";
				SWIFT_EMIT_LOC_STRINGS = YES;
				SWIFT_VERSION = 5.0;
			};
			name = Release;
		};
/* End XCBuildConfiguration section */

/* Begin XCConfigurationList section */
		29DEE7C12B0829AF00F5492D /* Build configuration list for PBXProject "MacGPT" */ = {
			isa = XCConfigurationList;
			buildConfigurations = (
				29DEE7D32B0829B000F5492D /* Debug */,
				29DEE7D42B0829B000F5492D /* Release */,
			);
			defaultConfigurationIsVisible = 0;
			defaultConfigurationName = Release;
		};
		29DEE7D52B0829B000F5492D /* Build configuration list for PBXNativeTarget "MacGPT" */ = {
			isa = XCConfigurationList;
			buildConfigurations = (
				29DEE7D62B0829B000F5492D /* Debug */,
				29DEE7D72B0829B000F5492D /* Release */,
			);
			defaultConfigurationIsVisible = 0;
			defaultConfigurationName = Release;
		};
/* End XCConfigurationList section */
	};
	rootObject = 29DEE7BE2B0829AF00F5492D /* Project object */;
}
